// !$*UTF8*$!
{
	archiveVersion = 1;
	classes = {
	};
	objectVersion = 46;
	objects = {

/* Begin PBXBuildFile section */
		8BD280AD1869302100AB9A82 /* Foundation.framework in Frameworks */ = {isa = PBXBuildFile; fileRef = 8BD280AC1869302100AB9A82 /* Foundation.framework */; };
		8BD280AF1869302100AB9A82 /* CoreGraphics.framework in Frameworks */ = {isa = PBXBuildFile; fileRef = 8BD280AE1869302100AB9A82 /* CoreGraphics.framework */; };
		8BD280B11869302100AB9A82 /* UIKit.framework in Frameworks */ = {isa = PBXBuildFile; fileRef = 8BD280B01869302100AB9A82 /* UIKit.framework */; };
		8BD280B71869302100AB9A82 /* InfoPlist.strings in Resources */ = {isa = PBXBuildFile; fileRef = 8BD280B51869302100AB9A82 /* InfoPlist.strings */; };
		8BD280B91869302100AB9A82 /* main.m in Sources */ = {isa = PBXBuildFile; fileRef = 8BD280B81869302100AB9A82 /* main.m */; };
		8BD280BF1869302100AB9A82 /* Images.xcassets in Resources */ = {isa = PBXBuildFile; fileRef = 8BD280BE1869302100AB9A82 /* Images.xcassets */; };
		8BD280E91869305700AB9A82 /* AppDelegate.m in Sources */ = {isa = PBXBuildFile; fileRef = 8BD280DC1869305700AB9A82 /* AppDelegate.m */; };
		8BD280EA1869305700AB9A82 /* CDIsExecutingQueryOperation.m in Sources */ = {isa = PBXBuildFile; fileRef = 8BD280DE1869305700AB9A82 /* CDIsExecutingQueryOperation.m */; };
		8BD280EB1869305700AB9A82 /* CDMainViewController.m in Sources */ = {isa = PBXBuildFile; fileRef = 8BD280E01869305700AB9A82 /* CDMainViewController.m */; };
		8BD280EC1869305700AB9A82 /* CDOneSecondOperation.m in Sources */ = {isa = PBXBuildFile; fileRef = 8BD280E21869305700AB9A82 /* CDOneSecondOperation.m */; };
		8BD280ED1869305700AB9A82 /* CDSuperLongTaskOperation.m in Sources */ = {isa = PBXBuildFile; fileRef = 8BD280E41869305700AB9A82 /* CDSuperLongTaskOperation.m */; };
		8BD280EE1869305700AB9A82 /* OperationView.m in Sources */ = {isa = PBXBuildFile; fileRef = 8BD280E61869305700AB9A82 /* OperationView.m */; };
		8BD280EF1869305700AB9A82 /* OperationViewController.m in Sources */ = {isa = PBXBuildFile; fileRef = 8BD280E81869305700AB9A82 /* OperationViewController.m */; };
		8BD280FC1869309400AB9A82 /* libConductor.a in Frameworks */ = {isa = PBXBuildFile; fileRef = 8BD280F71869308400AB9A82 /* libConductor.a */; };
		8BD280FE1869311F00AB9A82 /* MainStoryboard.storyboard in Resources */ = {isa = PBXBuildFile; fileRef = 8BD280FD1869311F00AB9A82 /* MainStoryboard.storyboard */; };
/* End PBXBuildFile section */

/* Begin PBXContainerItemProxy section */
		8BD280F61869308400AB9A82 /* PBXContainerItemProxy */ = {
			isa = PBXContainerItemProxy;
			containerPortal = 8BD280F11869308400AB9A82 /* Conductor.xcodeproj */;
			proxyType = 2;
			remoteGlobalIDString = 8B4AAF6C186926370001DCE2;
			remoteInfo = Conductor;
		};
		8BD280F81869308400AB9A82 /* PBXContainerItemProxy */ = {
			isa = PBXContainerItemProxy;
			containerPortal = 8BD280F11869308400AB9A82 /* Conductor.xcodeproj */;
			proxyType = 2;
			remoteGlobalIDString = 8B4AAF7C186926370001DCE2;
			remoteInfo = ConductorTests;
		};
		8BD280FA1869308C00AB9A82 /* PBXContainerItemProxy */ = {
			isa = PBXContainerItemProxy;
			containerPortal = 8BD280F11869308400AB9A82 /* Conductor.xcodeproj */;
			proxyType = 1;
			remoteGlobalIDString = 8B4AAF6B186926370001DCE2;
			remoteInfo = Conductor;
		};
/* End PBXContainerItemProxy section */

/* Begin PBXFileReference section */
		8BD280A91869302100AB9A82 /* ConductorTestApp.app */ = {isa = PBXFileReference; explicitFileType = wrapper.application; includeInIndex = 0; path = ConductorTestApp.app; sourceTree = BUILT_PRODUCTS_DIR; };
		8BD280AC1869302100AB9A82 /* Foundation.framework */ = {isa = PBXFileReference; lastKnownFileType = wrapper.framework; name = Foundation.framework; path = System/Library/Frameworks/Foundation.framework; sourceTree = SDKROOT; };
		8BD280AE1869302100AB9A82 /* CoreGraphics.framework */ = {isa = PBXFileReference; lastKnownFileType = wrapper.framework; name = CoreGraphics.framework; path = System/Library/Frameworks/CoreGraphics.framework; sourceTree = SDKROOT; };
		8BD280B01869302100AB9A82 /* UIKit.framework */ = {isa = PBXFileReference; lastKnownFileType = wrapper.framework; name = UIKit.framework; path = System/Library/Frameworks/UIKit.framework; sourceTree = SDKROOT; };
		8BD280B41869302100AB9A82 /* ConductorTestApp-Info.plist */ = {isa = PBXFileReference; lastKnownFileType = text.plist.xml; path = "ConductorTestApp-Info.plist"; sourceTree = "<group>"; };
		8BD280B61869302100AB9A82 /* en */ = {isa = PBXFileReference; lastKnownFileType = text.plist.strings; name = en; path = en.lproj/InfoPlist.strings; sourceTree = "<group>"; };
		8BD280B81869302100AB9A82 /* main.m */ = {isa = PBXFileReference; lastKnownFileType = sourcecode.c.objc; path = main.m; sourceTree = "<group>"; };
		8BD280BA1869302100AB9A82 /* ConductorTestApp-Prefix.pch */ = {isa = PBXFileReference; lastKnownFileType = sourcecode.c.h; path = "ConductorTestApp-Prefix.pch"; sourceTree = "<group>"; };
		8BD280BE1869302100AB9A82 /* Images.xcassets */ = {isa = PBXFileReference; lastKnownFileType = folder.assetcatalog; path = Images.xcassets; sourceTree = "<group>"; };
		8BD280C51869302100AB9A82 /* XCTest.framework */ = {isa = PBXFileReference; lastKnownFileType = wrapper.framework; name = XCTest.framework; path = Library/Frameworks/XCTest.framework; sourceTree = DEVELOPER_DIR; };
		8BD280DB1869305700AB9A82 /* AppDelegate.h */ = {isa = PBXFileReference; fileEncoding = 4; lastKnownFileType = sourcecode.c.h; path = AppDelegate.h; sourceTree = "<group>"; };
		8BD280DC1869305700AB9A82 /* AppDelegate.m */ = {isa = PBXFileReference; fileEncoding = 4; lastKnownFileType = sourcecode.c.objc; path = AppDelegate.m; sourceTree = "<group>"; };
		8BD280DD1869305700AB9A82 /* CDIsExecutingQueryOperation.h */ = {isa = PBXFileReference; fileEncoding = 4; lastKnownFileType = sourcecode.c.h; path = CDIsExecutingQueryOperation.h; sourceTree = "<group>"; };
		8BD280DE1869305700AB9A82 /* CDIsExecutingQueryOperation.m */ = {isa = PBXFileReference; fileEncoding = 4; lastKnownFileType = sourcecode.c.objc; path = CDIsExecutingQueryOperation.m; sourceTree = "<group>"; };
		8BD280DF1869305700AB9A82 /* CDMainViewController.h */ = {isa = PBXFileReference; fileEncoding = 4; lastKnownFileType = sourcecode.c.h; path = CDMainViewController.h; sourceTree = "<group>"; };
		8BD280E01869305700AB9A82 /* CDMainViewController.m */ = {isa = PBXFileReference; fileEncoding = 4; lastKnownFileType = sourcecode.c.objc; path = CDMainViewController.m; sourceTree = "<group>"; };
		8BD280E11869305700AB9A82 /* CDOneSecondOperation.h */ = {isa = PBXFileReference; fileEncoding = 4; lastKnownFileType = sourcecode.c.h; path = CDOneSecondOperation.h; sourceTree = "<group>"; };
		8BD280E21869305700AB9A82 /* CDOneSecondOperation.m */ = {isa = PBXFileReference; fileEncoding = 4; lastKnownFileType = sourcecode.c.objc; path = CDOneSecondOperation.m; sourceTree = "<group>"; };
		8BD280E31869305700AB9A82 /* CDSuperLongTaskOperation.h */ = {isa = PBXFileReference; fileEncoding = 4; lastKnownFileType = sourcecode.c.h; path = CDSuperLongTaskOperation.h; sourceTree = "<group>"; };
		8BD280E41869305700AB9A82 /* CDSuperLongTaskOperation.m */ = {isa = PBXFileReference; fileEncoding = 4; lastKnownFileType = sourcecode.c.objc; path = CDSuperLongTaskOperation.m; sourceTree = "<group>"; };
		8BD280E51869305700AB9A82 /* OperationView.h */ = {isa = PBXFileReference; fileEncoding = 4; lastKnownFileType = sourcecode.c.h; path = OperationView.h; sourceTree = "<group>"; };
		8BD280E61869305700AB9A82 /* OperationView.m */ = {isa = PBXFileReference; fileEncoding = 4; lastKnownFileType = sourcecode.c.objc; path = OperationView.m; sourceTree = "<group>"; };
		8BD280E71869305700AB9A82 /* OperationViewController.h */ = {isa = PBXFileReference; fileEncoding = 4; lastKnownFileType = sourcecode.c.h; path = OperationViewController.h; sourceTree = "<group>"; };
		8BD280E81869305700AB9A82 /* OperationViewController.m */ = {isa = PBXFileReference; fileEncoding = 4; lastKnownFileType = sourcecode.c.objc; path = OperationViewController.m; sourceTree = "<group>"; };
		8BD280F11869308400AB9A82 /* Conductor.xcodeproj */ = {isa = PBXFileReference; lastKnownFileType = "wrapper.pb-project"; name = Conductor.xcodeproj; path = ../Conductor.xcodeproj; sourceTree = "<group>"; };
		8BD280FD1869311F00AB9A82 /* MainStoryboard.storyboard */ = {isa = PBXFileReference; fileEncoding = 4; lastKnownFileType = file.storyboard; path = MainStoryboard.storyboard; sourceTree = "<group>"; };
/* End PBXFileReference section */

/* Begin PBXFrameworksBuildPhase section */
		8BD280A61869302100AB9A82 /* Frameworks */ = {
			isa = PBXFrameworksBuildPhase;
			buildActionMask = 2147483647;
			files = (
				8BD280FC1869309400AB9A82 /* libConductor.a in Frameworks */,
				8BD280AF1869302100AB9A82 /* CoreGraphics.framework in Frameworks */,
				8BD280B11869302100AB9A82 /* UIKit.framework in Frameworks */,
				8BD280AD1869302100AB9A82 /* Foundation.framework in Frameworks */,
			);
			runOnlyForDeploymentPostprocessing = 0;
		};
/* End PBXFrameworksBuildPhase section */

/* Begin PBXGroup section */
		8BD280A01869302100AB9A82 = {
			isa = PBXGroup;
			children = (
				8BD280F01869307800AB9A82 /* Externals */,
				8BD280B21869302100AB9A82 /* ConductorTestApp */,
				8BD280AB1869302100AB9A82 /* Frameworks */,
				8BD280AA1869302100AB9A82 /* Products */,
			);
			sourceTree = "<group>";
		};
		8BD280AA1869302100AB9A82 /* Products */ = {
			isa = PBXGroup;
			children = (
				8BD280A91869302100AB9A82 /* ConductorTestApp.app */,
			);
			name = Products;
			sourceTree = "<group>";
		};
		8BD280AB1869302100AB9A82 /* Frameworks */ = {
			isa = PBXGroup;
			children = (
				8BD280AC1869302100AB9A82 /* Foundation.framework */,
				8BD280AE1869302100AB9A82 /* CoreGraphics.framework */,
				8BD280B01869302100AB9A82 /* UIKit.framework */,
				8BD280C51869302100AB9A82 /* XCTest.framework */,
			);
			name = Frameworks;
			sourceTree = "<group>";
		};
		8BD280B21869302100AB9A82 /* ConductorTestApp */ = {
			isa = PBXGroup;
			children = (
				8BD280DB1869305700AB9A82 /* AppDelegate.h */,
				8BD280DC1869305700AB9A82 /* AppDelegate.m */,
				8BD280DD1869305700AB9A82 /* CDIsExecutingQueryOperation.h */,
				8BD280DE1869305700AB9A82 /* CDIsExecutingQueryOperation.m */,
				8BD280DF1869305700AB9A82 /* CDMainViewController.h */,
				8BD280E01869305700AB9A82 /* CDMainViewController.m */,
				8BD280E11869305700AB9A82 /* CDOneSecondOperation.h */,
				8BD280E21869305700AB9A82 /* CDOneSecondOperation.m */,
				8BD280E31869305700AB9A82 /* CDSuperLongTaskOperation.h */,
				8BD280E41869305700AB9A82 /* CDSuperLongTaskOperation.m */,
				8BD280BE1869302100AB9A82 /* Images.xcassets */,
				8BD280FD1869311F00AB9A82 /* MainStoryboard.storyboard */,
				8BD280E51869305700AB9A82 /* OperationView.h */,
				8BD280E61869305700AB9A82 /* OperationView.m */,
				8BD280E71869305700AB9A82 /* OperationViewController.h */,
				8BD280E81869305700AB9A82 /* OperationViewController.m */,
				8BD280B31869302100AB9A82 /* Supporting Files */,
			);
			path = ConductorTestApp;
			sourceTree = "<group>";
		};
		8BD280B31869302100AB9A82 /* Supporting Files */ = {
			isa = PBXGroup;
			children = (
				8BD280B41869302100AB9A82 /* ConductorTestApp-Info.plist */,
				8BD280B51869302100AB9A82 /* InfoPlist.strings */,
				8BD280B81869302100AB9A82 /* main.m */,
				8BD280BA1869302100AB9A82 /* ConductorTestApp-Prefix.pch */,
			);
			name = "Supporting Files";
			sourceTree = "<group>";
		};
		8BD280F01869307800AB9A82 /* Externals */ = {
			isa = PBXGroup;
			children = (
				8BD280F11869308400AB9A82 /* Conductor.xcodeproj */,
			);
			name = Externals;
			sourceTree = "<group>";
		};
		8BD280F21869308400AB9A82 /* Products */ = {
			isa = PBXGroup;
			children = (
				8BD280F71869308400AB9A82 /* libConductor.a */,
				8BD280F91869308400AB9A82 /* ConductorTests.xctest */,
			);
			name = Products;
			sourceTree = "<group>";
		};
/* End PBXGroup section */

/* Begin PBXNativeTarget section */
		8BD280A81869302100AB9A82 /* ConductorTestApp */ = {
			isa = PBXNativeTarget;
			buildConfigurationList = 8BD280D51869302100AB9A82 /* Build configuration list for PBXNativeTarget "ConductorTestApp" */;
			buildPhases = (
				8BD280A51869302100AB9A82 /* Sources */,
				8BD280A61869302100AB9A82 /* Frameworks */,
				8BD280A71869302100AB9A82 /* Resources */,
			);
			buildRules = (
			);
			dependencies = (
				8BD280FB1869308C00AB9A82 /* PBXTargetDependency */,
			);
			name = ConductorTestApp;
			productName = ConductorTestApp;
			productReference = 8BD280A91869302100AB9A82 /* ConductorTestApp.app */;
			productType = "com.apple.product-type.application";
		};
/* End PBXNativeTarget section */

/* Begin PBXProject section */
		8BD280A11869302100AB9A82 /* Project object */ = {
			isa = PBXProject;
			attributes = {
				LastUpgradeCheck = 0500;
				ORGANIZATIONNAME = "Andrew Smith";
			};
			buildConfigurationList = 8BD280A41869302100AB9A82 /* Build configuration list for PBXProject "ConductorTestApp" */;
			compatibilityVersion = "Xcode 3.2";
			developmentRegion = English;
			hasScannedForEncodings = 0;
			knownRegions = (
				en,
			);
			mainGroup = 8BD280A01869302100AB9A82;
			productRefGroup = 8BD280AA1869302100AB9A82 /* Products */;
			projectDirPath = "";
			projectReferences = (
				{
					ProductGroup = 8BD280F21869308400AB9A82 /* Products */;
					ProjectRef = 8BD280F11869308400AB9A82 /* Conductor.xcodeproj */;
				},
			);
			projectRoot = "";
			targets = (
				8BD280A81869302100AB9A82 /* ConductorTestApp */,
			);
		};
/* End PBXProject section */

/* Begin PBXReferenceProxy section */
		8BD280F71869308400AB9A82 /* libConductor.a */ = {
			isa = PBXReferenceProxy;
			fileType = archive.ar;
			path = libConductor.a;
			remoteRef = 8BD280F61869308400AB9A82 /* PBXContainerItemProxy */;
			sourceTree = BUILT_PRODUCTS_DIR;
		};
		8BD280F91869308400AB9A82 /* ConductorTests.xctest */ = {
			isa = PBXReferenceProxy;
			fileType = wrapper.cfbundle;
			path = ConductorTests.xctest;
			remoteRef = 8BD280F81869308400AB9A82 /* PBXContainerItemProxy */;
			sourceTree = BUILT_PRODUCTS_DIR;
		};
/* End PBXReferenceProxy section */

/* Begin PBXResourcesBuildPhase section */
		8BD280A71869302100AB9A82 /* Resources */ = {
			isa = PBXResourcesBuildPhase;
			buildActionMask = 2147483647;
			files = (
				8BD280FE1869311F00AB9A82 /* MainStoryboard.storyboard in Resources */,
				8BD280B71869302100AB9A82 /* InfoPlist.strings in Resources */,
				8BD280BF1869302100AB9A82 /* Images.xcassets in Resources */,
			);
			runOnlyForDeploymentPostprocessing = 0;
		};
/* End PBXResourcesBuildPhase section */

/* Begin PBXSourcesBuildPhase section */
		8BD280A51869302100AB9A82 /* Sources */ = {
			isa = PBXSourcesBuildPhase;
			buildActionMask = 2147483647;
			files = (
				8BD280EB1869305700AB9A82 /* CDMainViewController.m in Sources */,
				8BD280EC1869305700AB9A82 /* CDOneSecondOperation.m in Sources */,
				8BD280E91869305700AB9A82 /* AppDelegate.m in Sources */,
				8BD280ED1869305700AB9A82 /* CDSuperLongTaskOperation.m in Sources */,
				8BD280EF1869305700AB9A82 /* OperationViewController.m in Sources */,
				8BD280B91869302100AB9A82 /* main.m in Sources */,
				8BD280EA1869305700AB9A82 /* CDIsExecutingQueryOperation.m in Sources */,
				8BD280EE1869305700AB9A82 /* OperationView.m in Sources */,
			);
			runOnlyForDeploymentPostprocessing = 0;
		};
/* End PBXSourcesBuildPhase section */

/* Begin PBXTargetDependency section */
		8BD280FB1869308C00AB9A82 /* PBXTargetDependency */ = {
			isa = PBXTargetDependency;
			name = Conductor;
			targetProxy = 8BD280FA1869308C00AB9A82 /* PBXContainerItemProxy */;
		};
/* End PBXTargetDependency section */

/* Begin PBXVariantGroup section */
		8BD280B51869302100AB9A82 /* InfoPlist.strings */ = {
			isa = PBXVariantGroup;
			children = (
				8BD280B61869302100AB9A82 /* en */,
			);
			name = InfoPlist.strings;
			sourceTree = "<group>";
		};
/* End PBXVariantGroup section */

/* Begin XCBuildConfiguration section */
		8BD280D31869302100AB9A82 /* Debug */ = {
			isa = XCBuildConfiguration;
			buildSettings = {
				ALWAYS_SEARCH_USER_PATHS = NO;
				ARCHS = "$(ARCHS_STANDARD_INCLUDING_64_BIT)";
				CLANG_CXX_LANGUAGE_STANDARD = "gnu++0x";
				CLANG_CXX_LIBRARY = "libc++";
				CLANG_ENABLE_MODULES = YES;
				CLANG_ENABLE_OBJC_ARC = YES;
				CLANG_WARN_BOOL_CONVERSION = YES;
				CLANG_WARN_CONSTANT_CONVERSION = YES;
				CLANG_WARN_DIRECT_OBJC_ISA_USAGE = YES_ERROR;
				CLANG_WARN_EMPTY_BODY = YES;
				CLANG_WARN_ENUM_CONVERSION = YES;
				CLANG_WARN_INT_CONVERSION = YES;
				CLANG_WARN_OBJC_ROOT_CLASS = YES_ERROR;
				CLANG_WARN__DUPLICATE_METHOD_MATCH = YES;
				"CODE_SIGN_IDENTITY[sdk=iphoneos*]" = "iPhone Developer";
				COPY_PHASE_STRIP = NO;
				GCC_C_LANGUAGE_STANDARD = gnu99;
				GCC_DYNAMIC_NO_PIC = NO;
				GCC_OPTIMIZATION_LEVEL = 0;
				GCC_PREPROCESSOR_DEFINITIONS = (
					"DEBUG=1",
					"$(inherited)",
				);
				GCC_SYMBOLS_PRIVATE_EXTERN = NO;
				GCC_WARN_64_TO_32_BIT_CONVERSION = YES;
				GCC_WARN_ABOUT_RETURN_TYPE = YES_ERROR;
				GCC_WARN_UNDECLARED_SELECTOR = YES;
				GCC_WARN_UNINITIALIZED_AUTOS = YES;
				GCC_WARN_UNUSED_FUNCTION = YES;
				GCC_WARN_UNUSED_VARIABLE = YES;
				IPHONEOS_DEPLOYMENT_TARGET = 7.0;
				ONLY_ACTIVE_ARCH = YES;
				SDKROOT = iphoneos;
				TARGETED_DEVICE_FAMILY = "1,2";
			};
			name = Debug;
		};
		8BD280D41869302100AB9A82 /* Release */ = {
			isa = XCBuildConfiguration;
			buildSettings = {
				ALWAYS_SEARCH_USER_PATHS = NO;
				ARCHS = "$(ARCHS_STANDARD_INCLUDING_64_BIT)";
				CLANG_CXX_LANGUAGE_STANDARD = "gnu++0x";
				CLANG_CXX_LIBRARY = "libc++";
				CLANG_ENABLE_MODULES = YES;
				CLANG_ENABLE_OBJC_ARC = YES;
				CLANG_WARN_BOOL_CONVERSION = YES;
				CLANG_WARN_CONSTANT_CONVERSION = YES;
				CLANG_WARN_DIRECT_OBJC_ISA_USAGE = YES_ERROR;
				CLANG_WARN_EMPTY_BODY = YES;
				CLANG_WARN_ENUM_CONVERSION = YES;
				CLANG_WARN_INT_CONVERSION = YES;
				CLANG_WARN_OBJC_ROOT_CLASS = YES_ERROR;
				CLANG_WARN__DUPLICATE_METHOD_MATCH = YES;
				"CODE_SIGN_IDENTITY[sdk=iphoneos*]" = "iPhone Developer";
				COPY_PHASE_STRIP = YES;
				ENABLE_NS_ASSERTIONS = NO;
				GCC_C_LANGUAGE_STANDARD = gnu99;
				GCC_WARN_64_TO_32_BIT_CONVERSION = YES;
				GCC_WARN_ABOUT_RETURN_TYPE = YES_ERROR;
				GCC_WARN_UNDECLARED_SELECTOR = YES;
				GCC_WARN_UNINITIALIZED_AUTOS = YES;
				GCC_WARN_UNUSED_FUNCTION = YES;
				GCC_WARN_UNUSED_VARIABLE = YES;
				IPHONEOS_DEPLOYMENT_TARGET = 7.0;
				SDKROOT = iphoneos;
				TARGETED_DEVICE_FAMILY = "1,2";
				VALIDATE_PRODUCT = YES;
			};
			name = Release;
		};
		8BD280D61869302100AB9A82 /* Debug */ = {
			isa = XCBuildConfiguration;
			buildSettings = {
				ASSETCATALOG_COMPILER_APPICON_NAME = AppIcon;
				ASSETCATALOG_COMPILER_LAUNCHIMAGE_NAME = LaunchImage;
				GCC_PRECOMPILE_PREFIX_HEADER = YES;
				GCC_PREFIX_HEADER = "ConductorTestApp/ConductorTestApp-Prefix.pch";
				INFOPLIST_FILE = "ConductorTestApp/ConductorTestApp-Info.plist";
				OTHER_LDFLAGS = "-ObjC";
				PRODUCT_NAME = "$(TARGET_NAME)";
				WRAPPER_EXTENSION = app;
			};
			name = Debug;
		};
		8BD280D71869302100AB9A82 /* Release */ = {
			isa = XCBuildConfiguration;
			buildSettings = {
				ASSETCATALOG_COMPILER_APPICON_NAME = AppIcon;
				ASSETCATALOG_COMPILER_LAUNCHIMAGE_NAME = LaunchImage;
				GCC_PRECOMPILE_PREFIX_HEADER = YES;
				GCC_PREFIX_HEADER = "ConductorTestApp/ConductorTestApp-Prefix.pch";
				INFOPLIST_FILE = "ConductorTestApp/ConductorTestApp-Info.plist";
				OTHER_LDFLAGS = "-ObjC";
				PRODUCT_NAME = "$(TARGET_NAME)";
				WRAPPER_EXTENSION = app;
			};
			name = Release;
		};
/* End XCBuildConfiguration section */

/* Begin XCConfigurationList section */
		8BD280A41869302100AB9A82 /* Build configuration list for PBXProject "ConductorTestApp" */ = {
			isa = XCConfigurationList;
			buildConfigurations = (
				8BD280D31869302100AB9A82 /* Debug */,
				8BD280D41869302100AB9A82 /* Release */,
			);
			defaultConfigurationIsVisible = 0;
			defaultConfigurationName = Release;
		};
		8BD280D51869302100AB9A82 /* Build configuration list for PBXNativeTarget "ConductorTestApp" */ = {
			isa = XCConfigurationList;
			buildConfigurations = (
				8BD280D61869302100AB9A82 /* Debug */,
				8BD280D71869302100AB9A82 /* Release */,
			);
			defaultConfigurationIsVisible = 0;
		};
/* End XCConfigurationList section */
	};
	rootObject = 8BD280A11869302100AB9A82 /* Project object */;
}
